{
  "version": "4",
  "specifiers": {
    "npm:@types/geojson@^7946.0.14": "7946.0.14"
  },
  "npm": {
    "@types/geojson@7946.0.14": {
      "integrity": "sha512-WCfD5Ht3ZesJUsONdhvm84dmzWOiOzOAqOncN0++w0lBw1o8OuDNJF2McvvCef/yBqb/HYRahp1BYtODFQ8bRg=="
    }
  },
  "workspace": {
    "dependencies": [
      "npm:@types/geojson@^7946.0.14"
    ]
  }
}
